
Microsoft Visual Studio Solution File, Format Version 12.00
# Visual Studio Version 17
VisualStudioVersion = 17.6.33815.320
MinimumVisualStudioVersion = 10.0.40219.1
Project("{9A19103F-16F7-4668-BE54-9A1E7A4F7556}") = "FP.Patterns.Flyweight.Exercice0", "FP.Patterns.Flyweight.Exercice0.csproj", "{19FAAABF-7874-4030-97A8-FDE97374B5A0}"
EndProject
Project("{9A19103F-16F7-4668-BE54-9A1E7A4F7556}") = "FP.Patterns.Flyweight.Exercice1", "..\FP.Patterns.Flyweight.Exercice1\FP.Patterns.Flyweight.Exercice1.csproj", "{F48D8BD5-9B7F-406B-97F0-1F1E9AB55A6E}"
EndProject
Project("{9A19103F-16F7-4668-BE54-9A1E7A4F7556}") = "FP.Patterns.Flyweight.Exercice2", "..\FP.Patterns.Flyweight.Exercice2\FP.Patterns.Flyweight.Exercice2.csproj", "{3CA1D687-41B0-4AED-A7EB-3549DD771C6D}"
EndProject
Project("{9A19103F-16F7-4668-BE54-9A1E7A4F7556}") = "FP.Patterns.Flyweight.Exercice3", "..\FP.Patterns.Flyweight.Exercice3\FP.Patterns.Flyweight.Exercice3.csproj", "{F42E5ECA-4A09-4D03-9514-0178CD5F7718}"
EndProject
Project("{FAE04EC0-301F-11D3-BF4B-00C04F79EFBC}") = "FP.Patterns.Flyweight.Exercice4", "..\FP.Patterns.Flyweight.Exercice4\FP.Patterns.Flyweight.Exercice4.csproj", "{3860B140-EB0A-438D-941F-6B5697DCCA5A}"
EndProject
Global
	GlobalSection(SolutionConfigurationPlatforms) = preSolution
		Debug|Any CPU = Debug|Any CPU
		Release|Any CPU = Release|Any CPU
	EndGlobalSection
	GlobalSection(ProjectConfigurationPlatforms) = postSolution
		{19FAAABF-7874-4030-97A8-FDE97374B5A0}.Debug|Any CPU.ActiveCfg = Debug|Any CPU
		{19FAAABF-7874-4030-97A8-FDE97374B5A0}.Debug|Any CPU.Build.0 = Debug|Any CPU
		{19FAAABF-7874-4030-97A8-FDE97374B5A0}.Release|Any CPU.ActiveCfg = Release|Any CPU
		{19FAAABF-7874-4030-97A8-FDE97374B5A0}.Release|Any CPU.Build.0 = Release|Any CPU
		{F48D8BD5-9B7F-406B-97F0-1F1E9AB55A6E}.Debug|Any CPU.ActiveCfg = Debug|Any CPU
		{F48D8BD5-9B7F-406B-97F0-1F1E9AB55A6E}.Debug|Any CPU.Build.0 = Debug|Any CPU
		{F48D8BD5-9B7F-406B-97F0-1F1E9AB55A6E}.Release|Any CPU.ActiveCfg = Release|Any CPU
		{F48D8BD5-9B7F-406B-97F0-1F1E9AB55A6E}.Release|Any CPU.Build.0 = Release|Any CPU
		{3CA1D687-41B0-4AED-A7EB-3549DD771C6D}.Debug|Any CPU.ActiveCfg = Debug|Any CPU
		{3CA1D687-41B0-4AED-A7EB-3549DD771C6D}.Debug|Any CPU.Build.0 = Debug|Any CPU
		{3CA1D687-41B0-4AED-A7EB-3549DD771C6D}.Release|Any CPU.ActiveCfg = Release|Any CPU
		{3CA1D687-41B0-4AED-A7EB-3549DD771C6D}.Release|Any CPU.Build.0 = Release|Any CPU
		{F42E5ECA-4A09-4D03-9514-0178CD5F7718}.Debug|Any CPU.ActiveCfg = Debug|Any CPU
		{F42E5ECA-4A09-4D03-9514-0178CD5F7718}.Debug|Any CPU.Build.0 = Debug|Any CPU
		{F42E5ECA-4A09-4D03-9514-0178CD5F7718}.Release|Any CPU.ActiveCfg = Release|Any CPU
		{F42E5ECA-4A09-4D03-9514-0178CD5F7718}.Release|Any CPU.Build.0 = Release|Any CPU
		{3860B140-EB0A-438D-941F-6B5697DCCA5A}.Debug|Any CPU.ActiveCfg = Debug|Any CPU
		{3860B140-EB0A-438D-941F-6B5697DCCA5A}.Debug|Any CPU.Build.0 = Debug|Any CPU
		{3860B140-EB0A-438D-941F-6B5697DCCA5A}.Release|Any CPU.ActiveCfg = Release|Any CPU
		{3860B140-EB0A-438D-941F-6B5697DCCA5A}.Release|Any CPU.Build.0 = Release|Any CPU
	EndGlobalSection
	GlobalSection(SolutionProperties) = preSolution
		HideSolutionNode = FALSE
	EndGlobalSection
	GlobalSection(ExtensibilityGlobals) = postSolution
		SolutionGuid = {AAB44511-3657-4FAF-94F9-AE573214A358}
	EndGlobalSection
EndGlobal
